
Microsoft Visual Studio Solution File, Format Version 12.00
# Visual Studio Version 17
VisualStudioVersion = 17.5.002.0
MinimumVisualStudioVersion = 10.0.40219.1
Project("{2150E333-8FDC-42A3-9474-1A3956D46DE8}") = "source", "source", "{55A135E7-E509-4CA2-B315-1D9ED42058A4}"
EndProject
Project("{9A19103F-16F7-4668-BE54-9A1E7A4F7556}") = "dbalight", "source/dbalight/dbalight.csproj", "{E6448D46-8C47-468F-A77B-40B1DF7207EB}"
EndProject
Global
    GlobalSection(SolutionConfigurationPlatforms) = preSolution
        Debug|Any CPU = Debug|Any CPU
        Release|Any CPU = Release|Any CPU
    EndGlobalSection
    GlobalSection(ProjectConfigurationPlatforms) = postSolution
        {E6448D46-8C47-468F-A77B-40B1DF7207EB}.Debug|Any CPU.ActiveCfg = Debug|Any CPU
        {E6448D46-8C47-468F-A77B-40B1DF7207EB}.Debug|Any CPU.Build.0 = Debug|Any CPU
        {E6448D46-8C47-468F-A77B-40B1DF7207EB}.Release|Any CPU.ActiveCfg = Release|Any CPU
        {E6448D46-8C47-468F-A77B-40B1DF7207EB}.Release|Any CPU.Build.0 = Release|Any CPU
    EndGlobalSection
    GlobalSection(SolutionProperties) = preSolution
        HideSolutionNode = FALSE
    EndGlobalSection
    GlobalSection(NestedProjects) = preSolution
        {E6448D46-8C47-468F-A77B-40B1DF7207EB} = {55A135E7-E509-4CA2-B315-1D9ED42058A4}
    EndGlobalSection
    GlobalSection(ExtensibilityGlobals) = postSolution
        SolutionGuid = {3B4FE06D-460E-4FE1-A6E0-FD21D0C2B990}
    EndGlobalSection
EndGlobal
